github.com/gaissmai/bart v0.20.4 h1:Ik47r1fy3jRVU+1eYzKSW3ho2UgBVTVnUS8O993584U=
github.com/gaissmai/bart v0.20.4/go.mod h1:cEed+ge8dalcbpi8wtS9x9m2hn/fNJH5suhdGQOHnYk=
github.com/gaissmai/bart v0.23.0 h1:ct+78nySK5MaO+citQAUeef7QZ0ApXM3b+AYuCZYGIk=
github.com/gaissmai/bart v0.23.0/go.mod h1:RpLtt3lWq1BoRz3AAyDAJ7jhLWBkYhVCfi+ximB2t68=
